
Microsoft Visual Studio Solution File, Format Version 12.00
# Visual Studio 15
VisualStudioVersion = 15.0.27004.2002
MinimumVisualStudioVersion = 10.0.40219.1
Project("{FAE04EC0-301F-11D3-BF4B-00C04F79EFBC}") = "string-handling", "string-handling\string-handling.csproj", "{A45959A9-2315-48DD-AF87-9B77DD7ED4B1}"
EndProject
Project("{FAE04EC0-301F-11D3-BF4B-00C04F79EFBC}") = "task-2", "task-2\task-2.csproj", "{7A8BE187-880C-4B5D-A065-E389C0C6BFB3}"
EndProject
Project("{FAE04EC0-301F-11D3-BF4B-00C04F79EFBC}") = "task-3", "task-3\task-3.csproj", "{37D7BA86-4853-4626-9BB4-9D436418520E}"
EndProject
Project("{FAE04EC0-301F-11D3-BF4B-00C04F79EFBC}") = "task-4", "task-4\task-4.csproj", "{5084AC1D-04AD-446E-81FA-52CAC85063EC}"
EndProject
Project("{FAE04EC0-301F-11D3-BF4B-00C04F79EFBC}") = "task-5", "task-5\task-5.csproj", "{9565F8E8-D48C-43C5-A994-90A9A15A8EEC}"
EndProject
Project("{FAE04EC0-301F-11D3-BF4B-00C04F79EFBC}") = "task-5.1", "task-5.1\task-5.1.csproj", "{DEF7341B-D181-4C27-9E86-3EBA096A3557}"
EndProject
Global
	GlobalSection(SolutionConfigurationPlatforms) = preSolution
		Debug|Any CPU = Debug|Any CPU
		Release|Any CPU = Release|Any CPU
	EndGlobalSection
	GlobalSection(ProjectConfigurationPlatforms) = postSolution
		{A45959A9-2315-48DD-AF87-9B77DD7ED4B1}.Debug|Any CPU.ActiveCfg = Debug|Any CPU
		{A45959A9-2315-48DD-AF87-9B77DD7ED4B1}.Debug|Any CPU.Build.0 = Debug|Any CPU
		{A45959A9-2315-48DD-AF87-9B77DD7ED4B1}.Release|Any CPU.ActiveCfg = Release|Any CPU
		{A45959A9-2315-48DD-AF87-9B77DD7ED4B1}.Release|Any CPU.Build.0 = Release|Any CPU
		{7A8BE187-880C-4B5D-A065-E389C0C6BFB3}.Debug|Any CPU.ActiveCfg = Debug|Any CPU
		{7A8BE187-880C-4B5D-A065-E389C0C6BFB3}.Debug|Any CPU.Build.0 = Debug|Any CPU
		{7A8BE187-880C-4B5D-A065-E389C0C6BFB3}.Release|Any CPU.ActiveCfg = Release|Any CPU
		{7A8BE187-880C-4B5D-A065-E389C0C6BFB3}.Release|Any CPU.Build.0 = Release|Any CPU
		{37D7BA86-4853-4626-9BB4-9D436418520E}.Debug|Any CPU.ActiveCfg = Debug|Any CPU
		{37D7BA86-4853-4626-9BB4-9D436418520E}.Debug|Any CPU.Build.0 = Debug|Any CPU
		{37D7BA86-4853-4626-9BB4-9D436418520E}.Release|Any CPU.ActiveCfg = Release|Any CPU
		{37D7BA86-4853-4626-9BB4-9D436418520E}.Release|Any CPU.Build.0 = Release|Any CPU
		{5084AC1D-04AD-446E-81FA-52CAC85063EC}.Debug|Any CPU.ActiveCfg = Debug|Any CPU
		{5084AC1D-04AD-446E-81FA-52CAC85063EC}.Debug|Any CPU.Build.0 = Debug|Any CPU
		{5084AC1D-04AD-446E-81FA-52CAC85063EC}.Release|Any CPU.ActiveCfg = Release|Any CPU
		{5084AC1D-04AD-446E-81FA-52CAC85063EC}.Release|Any CPU.Build.0 = Release|Any CPU
		{9565F8E8-D48C-43C5-A994-90A9A15A8EEC}.Debug|Any CPU.ActiveCfg = Debug|Any CPU
		{9565F8E8-D48C-43C5-A994-90A9A15A8EEC}.Debug|Any CPU.Build.0 = Debug|Any CPU
		{9565F8E8-D48C-43C5-A994-90A9A15A8EEC}.Release|Any CPU.ActiveCfg = Release|Any CPU
		{9565F8E8-D48C-43C5-A994-90A9A15A8EEC}.Release|Any CPU.Build.0 = Release|Any CPU
		{DEF7341B-D181-4C27-9E86-3EBA096A3557}.Debug|Any CPU.ActiveCfg = Debug|Any CPU
		{DEF7341B-D181-4C27-9E86-3EBA096A3557}.Debug|Any CPU.Build.0 = Debug|Any CPU
		{DEF7341B-D181-4C27-9E86-3EBA096A3557}.Release|Any CPU.ActiveCfg = Release|Any CPU
		{DEF7341B-D181-4C27-9E86-3EBA096A3557}.Release|Any CPU.Build.0 = Release|Any CPU
	EndGlobalSection
	GlobalSection(SolutionProperties) = preSolution
		HideSolutionNode = FALSE
	EndGlobalSection
	GlobalSection(ExtensibilityGlobals) = postSolution
		SolutionGuid = {28BC522E-FE5B-412A-B0A4-B5A47C0A465F}
	EndGlobalSection
EndGlobal
