
Microsoft Visual Studio Solution File, Format Version 12.00
# Visual Studio 15
VisualStudioVersion = 15.0.27004.2002
MinimumVisualStudioVersion = 10.0.40219.1
Project("{FAE04EC0-301F-11D3-BF4B-00C04F79EFBC}") = "task-1", "conditional-statements\task-1.csproj", "{CE49CE80-1222-4248-B0D7-AC6F06488F6C}"
EndProject
Project("{FAE04EC0-301F-11D3-BF4B-00C04F79EFBC}") = "task-2", "task 2\task-2.csproj", "{E465199D-21CF-4101-BE00-617225AB7BB4}"
EndProject
Project("{FAE04EC0-301F-11D3-BF4B-00C04F79EFBC}") = "task-3", "task-3\task-3.csproj", "{B89DF237-7567-40C7-B870-166024CC0970}"
EndProject
Project("{FAE04EC0-301F-11D3-BF4B-00C04F79EFBC}") = "task-4", "task-4\task-4.csproj", "{0EA797B3-8C14-4C1C-9993-09DD9246B034}"
EndProject
Project("{FAE04EC0-301F-11D3-BF4B-00C04F79EFBC}") = "task-5", "task-5\task-5.csproj", "{4B3ED50B-40E1-499E-BE36-4CAD5BE84813}"
EndProject
Project("{FAE04EC0-301F-11D3-BF4B-00C04F79EFBC}") = "task-6", "task-6\task-6.csproj", "{250DE6B4-FE9F-49E7-A5DF-7F76A486946A}"
EndProject
Project("{FAE04EC0-301F-11D3-BF4B-00C04F79EFBC}") = "task-7", "task-7\task-7.csproj", "{3DC7B8FF-48EA-4971-A035-FD69B5290D6D}"
EndProject
Project("{FAE04EC0-301F-11D3-BF4B-00C04F79EFBC}") = "task-8", "task-8\task-8.csproj", "{E5EED8B6-78A4-4729-8CA3-E5D3AD174427}"
EndProject
Project("{FAE04EC0-301F-11D3-BF4B-00C04F79EFBC}") = "task-9", "task-9\task-9.csproj", "{49D823E1-F5F4-44FB-8104-659DC4EA0944}"
EndProject
Global
	GlobalSection(SolutionConfigurationPlatforms) = preSolution
		Debug|Any CPU = Debug|Any CPU
		Release|Any CPU = Release|Any CPU
	EndGlobalSection
	GlobalSection(ProjectConfigurationPlatforms) = postSolution
		{CE49CE80-1222-4248-B0D7-AC6F06488F6C}.Debug|Any CPU.ActiveCfg = Debug|Any CPU
		{CE49CE80-1222-4248-B0D7-AC6F06488F6C}.Debug|Any CPU.Build.0 = Debug|Any CPU
		{CE49CE80-1222-4248-B0D7-AC6F06488F6C}.Release|Any CPU.ActiveCfg = Release|Any CPU
		{CE49CE80-1222-4248-B0D7-AC6F06488F6C}.Release|Any CPU.Build.0 = Release|Any CPU
		{E465199D-21CF-4101-BE00-617225AB7BB4}.Debug|Any CPU.ActiveCfg = Debug|Any CPU
		{E465199D-21CF-4101-BE00-617225AB7BB4}.Debug|Any CPU.Build.0 = Debug|Any CPU
		{E465199D-21CF-4101-BE00-617225AB7BB4}.Release|Any CPU.ActiveCfg = Release|Any CPU
		{E465199D-21CF-4101-BE00-617225AB7BB4}.Release|Any CPU.Build.0 = Release|Any CPU
		{B89DF237-7567-40C7-B870-166024CC0970}.Debug|Any CPU.ActiveCfg = Debug|Any CPU
		{B89DF237-7567-40C7-B870-166024CC0970}.Debug|Any CPU.Build.0 = Debug|Any CPU
		{B89DF237-7567-40C7-B870-166024CC0970}.Release|Any CPU.ActiveCfg = Release|Any CPU
		{B89DF237-7567-40C7-B870-166024CC0970}.Release|Any CPU.Build.0 = Release|Any CPU
		{0EA797B3-8C14-4C1C-9993-09DD9246B034}.Debug|Any CPU.ActiveCfg = Debug|Any CPU
		{0EA797B3-8C14-4C1C-9993-09DD9246B034}.Debug|Any CPU.Build.0 = Debug|Any CPU
		{0EA797B3-8C14-4C1C-9993-09DD9246B034}.Release|Any CPU.ActiveCfg = Release|Any CPU
		{0EA797B3-8C14-4C1C-9993-09DD9246B034}.Release|Any CPU.Build.0 = Release|Any CPU
		{4B3ED50B-40E1-499E-BE36-4CAD5BE84813}.Debug|Any CPU.ActiveCfg = Debug|Any CPU
		{4B3ED50B-40E1-499E-BE36-4CAD5BE84813}.Debug|Any CPU.Build.0 = Debug|Any CPU
		{4B3ED50B-40E1-499E-BE36-4CAD5BE84813}.Release|Any CPU.ActiveCfg = Release|Any CPU
		{4B3ED50B-40E1-499E-BE36-4CAD5BE84813}.Release|Any CPU.Build.0 = Release|Any CPU
		{250DE6B4-FE9F-49E7-A5DF-7F76A486946A}.Debug|Any CPU.ActiveCfg = Debug|Any CPU
		{250DE6B4-FE9F-49E7-A5DF-7F76A486946A}.Debug|Any CPU.Build.0 = Debug|Any CPU
		{250DE6B4-FE9F-49E7-A5DF-7F76A486946A}.Release|Any CPU.ActiveCfg = Release|Any CPU
		{250DE6B4-FE9F-49E7-A5DF-7F76A486946A}.Release|Any CPU.Build.0 = Release|Any CPU
		{3DC7B8FF-48EA-4971-A035-FD69B5290D6D}.Debug|Any CPU.ActiveCfg = Debug|Any CPU
		{3DC7B8FF-48EA-4971-A035-FD69B5290D6D}.Debug|Any CPU.Build.0 = Debug|Any CPU
		{3DC7B8FF-48EA-4971-A035-FD69B5290D6D}.Release|Any CPU.ActiveCfg = Release|Any CPU
		{3DC7B8FF-48EA-4971-A035-FD69B5290D6D}.Release|Any CPU.Build.0 = Release|Any CPU
		{E5EED8B6-78A4-4729-8CA3-E5D3AD174427}.Debug|Any CPU.ActiveCfg = Debug|Any CPU
		{E5EED8B6-78A4-4729-8CA3-E5D3AD174427}.Debug|Any CPU.Build.0 = Debug|Any CPU
		{E5EED8B6-78A4-4729-8CA3-E5D3AD174427}.Release|Any CPU.ActiveCfg = Release|Any CPU
		{E5EED8B6-78A4-4729-8CA3-E5D3AD174427}.Release|Any CPU.Build.0 = Release|Any CPU
		{49D823E1-F5F4-44FB-8104-659DC4EA0944}.Debug|Any CPU.ActiveCfg = Debug|Any CPU
		{49D823E1-F5F4-44FB-8104-659DC4EA0944}.Debug|Any CPU.Build.0 = Debug|Any CPU
		{49D823E1-F5F4-44FB-8104-659DC4EA0944}.Release|Any CPU.ActiveCfg = Release|Any CPU
		{49D823E1-F5F4-44FB-8104-659DC4EA0944}.Release|Any CPU.Build.0 = Release|Any CPU
	EndGlobalSection
	GlobalSection(SolutionProperties) = preSolution
		HideSolutionNode = FALSE
	EndGlobalSection
	GlobalSection(ExtensibilityGlobals) = postSolution
		SolutionGuid = {3C7DFBE6-2AD6-490F-BFA5-2462D3BCBAC9}
	EndGlobalSection
EndGlobal
