
Microsoft Visual Studio Solution File, Format Version 12.00
# Visual Studio 15
VisualStudioVersion = 15.0.27004.2002
MinimumVisualStudioVersion = 10.0.40219.1
Project("{FAE04EC0-301F-11D3-BF4B-00C04F79EFBC}") = "arrays", "arrays\arrays.csproj", "{73F0E3E1-7334-4C33-87F9-E3E1DF8AD4D5}"
EndProject
Project("{FAE04EC0-301F-11D3-BF4B-00C04F79EFBC}") = "task-2", "task-2\task-2.csproj", "{3232300F-FAFC-4979-980D-AEC7A684B2E1}"
EndProject
Project("{FAE04EC0-301F-11D3-BF4B-00C04F79EFBC}") = "task-3", "task-3\task-3.csproj", "{7FF2FDF6-875C-46C2-A843-501DC75EBCEE}"
EndProject
Global
	GlobalSection(SolutionConfigurationPlatforms) = preSolution
		Debug|Any CPU = Debug|Any CPU
		Release|Any CPU = Release|Any CPU
	EndGlobalSection
	GlobalSection(ProjectConfigurationPlatforms) = postSolution
		{73F0E3E1-7334-4C33-87F9-E3E1DF8AD4D5}.Debug|Any CPU.ActiveCfg = Debug|Any CPU
		{73F0E3E1-7334-4C33-87F9-E3E1DF8AD4D5}.Debug|Any CPU.Build.0 = Debug|Any CPU
		{73F0E3E1-7334-4C33-87F9-E3E1DF8AD4D5}.Release|Any CPU.ActiveCfg = Release|Any CPU
		{73F0E3E1-7334-4C33-87F9-E3E1DF8AD4D5}.Release|Any CPU.Build.0 = Release|Any CPU
		{3232300F-FAFC-4979-980D-AEC7A684B2E1}.Debug|Any CPU.ActiveCfg = Debug|Any CPU
		{3232300F-FAFC-4979-980D-AEC7A684B2E1}.Debug|Any CPU.Build.0 = Debug|Any CPU
		{3232300F-FAFC-4979-980D-AEC7A684B2E1}.Release|Any CPU.ActiveCfg = Release|Any CPU
		{3232300F-FAFC-4979-980D-AEC7A684B2E1}.Release|Any CPU.Build.0 = Release|Any CPU
		{7FF2FDF6-875C-46C2-A843-501DC75EBCEE}.Debug|Any CPU.ActiveCfg = Debug|Any CPU
		{7FF2FDF6-875C-46C2-A843-501DC75EBCEE}.Debug|Any CPU.Build.0 = Debug|Any CPU
		{7FF2FDF6-875C-46C2-A843-501DC75EBCEE}.Release|Any CPU.ActiveCfg = Release|Any CPU
		{7FF2FDF6-875C-46C2-A843-501DC75EBCEE}.Release|Any CPU.Build.0 = Release|Any CPU
	EndGlobalSection
	GlobalSection(SolutionProperties) = preSolution
		HideSolutionNode = FALSE
	EndGlobalSection
	GlobalSection(ExtensibilityGlobals) = postSolution
		SolutionGuid = {0CCF54E2-D819-4F70-B00E-CA7FA0E3A1EA}
	EndGlobalSection
EndGlobal
