
Microsoft Visual Studio Solution File, Format Version 12.00
# Visual Studio 15
VisualStudioVersion = 15.0.27004.2002
MinimumVisualStudioVersion = 10.0.40219.1
Project("{FAE04EC0-301F-11D3-BF4B-00C04F79EFBC}") = "kertaustehtava1", "C:\Users\1701539\source\repos\kertaustehtava1\kertaustehtava1\kertaustehtava1.csproj", "{FF4CEC74-ADCF-45E3-A552-A0852492A4A0}"
EndProject
Global
	GlobalSection(SolutionConfigurationPlatforms) = preSolution
		Debug|Any CPU = Debug|Any CPU
		Release|Any CPU = Release|Any CPU
	EndGlobalSection
	GlobalSection(ProjectConfigurationPlatforms) = postSolution
		{FF4CEC74-ADCF-45E3-A552-A0852492A4A0}.Debug|Any CPU.ActiveCfg = Debug|Any CPU
		{FF4CEC74-ADCF-45E3-A552-A0852492A4A0}.Debug|Any CPU.Build.0 = Debug|Any CPU
		{FF4CEC74-ADCF-45E3-A552-A0852492A4A0}.Release|Any CPU.ActiveCfg = Release|Any CPU
		{FF4CEC74-ADCF-45E3-A552-A0852492A4A0}.Release|Any CPU.Build.0 = Release|Any CPU
	EndGlobalSection
	GlobalSection(SolutionProperties) = preSolution
		HideSolutionNode = FALSE
	EndGlobalSection
	GlobalSection(ExtensibilityGlobals) = postSolution
		SolutionGuid = {BF916AE8-CF40-4379-8612-4D11728C1C2C}
	EndGlobalSection
EndGlobal
